{
    "_meta": {
        "hash": {
            "sha256": "ad180ade442f7b50ba4009c6fffc5596ccc4ff10f0925edced6e27aa63f129b6"
        },
        "pipfile-spec": 6,
        "requires": {
            "python_version": "3.9"
        },
        "sources": [
            {
                "name": "pypi",
                "url": "https://pypi.org/simple",
                "verify_ssl": true
            }
        ]
    },
    "default": {
        "asttokens": {
            "hashes": [
                "sha256:051ed49c3dcae8913ea7cd08e46a606dba30b79993209636c4875bc1d637bc24",
                "sha256:b03869718ba9a6eb027e134bfdf69f38a236d681c83c160d510768af11254ba0"
            ],
            "version": "==2.4.1"
        },
        "cachetools": {
            "hashes": [
                "sha256:086ee420196f7b2ab9ca2db2520aca326318b68fe5ba8bc4d49cca91add450f2",
                "sha256:861f35a13a451f94e301ce2bec7cac63e881232ccce7ed67fab9b5df4d3beaa1"
            ],
            "markers": "python_version >= '3.7'",
            "version": "==5.3.2"
        },
        "certifi": {
            "hashes": [
                "sha256:9b469f3a900bf28dc19b8cfbf8019bf47f7fdd1a65a1d4ffb98fc14166beb4d1",
                "sha256:e036ab49d5b79556f99cfc2d9320b34cfbe5be05c5871b51de9329f0603b0474"
            ],
            "markers": "python_version >= '3.6'",
            "version": "==2023.11.17"
        },
        "charset-normalizer": {
            "hashes": [
                "sha256:06435b539f889b1f6f4ac1758871aae42dc3a8c0e24ac9e60c2384973ad73027",
                "sha256:06a81e93cd441c56a9b65d8e1d043daeb97a3d0856d177d5c90ba85acb3db087",
                "sha256:0a55554a2fa0d408816b3b5cedf0045f4b8e1a6065aec45849de2d6f3f8e9786",
                "sha256:0b2b64d2bb6d3fb9112bafa732def486049e63de9618b5843bcdd081d8144cd8",
                "sha256:10955842570876604d404661fbccbc9c7e684caf432c09c715ec38fbae45ae09",
                "sha256:122c7fa62b130ed55f8f285bfd56d5f4b4a5b503609d181f9ad85e55c89f4185",
                "sha256:1ceae2f17a9c33cb48e3263960dc5fc8005351ee19db217e9b1bb15d28c02574",
                "sha256:1d3193f4a680c64b4b6a9115943538edb896edc190f0b222e73761716519268e",
                "sha256:1f79682fbe303db92bc2b1136016a38a42e835d932bab5b3b1bfcfbf0640e519",
                "sha256:2127566c664442652f024c837091890cb1942c30937add288223dc895793f898",
                "sha256:22afcb9f253dac0696b5a4be4a1c0f8762f8239e21b99680099abd9b2b1b2269",
                "sha256:25baf083bf6f6b341f4121c2f3c548875ee6f5339300e08be3f2b2ba1721cdd3",
                "sha256:2e81c7b9c8979ce92ed306c249d46894776a909505d8f5a4ba55b14206e3222f",
                "sha256:3287761bc4ee9e33561a7e058c72ac0938c4f57fe49a09eae428fd88aafe7bb6",
                "sha256:34d1c8da1e78d2e001f363791c98a272bb734000fcef47a491c1e3b0505657a8",
                "sha256:37e55c8e51c236f95b033f6fb391d7d7970ba5fe7ff453dad675e88cf303377a",
                "sha256:3d47fa203a7bd9c5b6cee4736ee84ca03b8ef23193c0d1ca99b5089f72645c73",
                "sha256:3e4d1f6587322d2788836a99c69062fbb091331ec940e02d12d179c1d53e25fc",
                "sha256:42cb296636fcc8b0644486d15c12376cb9fa75443e00fb25de0b8602e64c1714",
                "sha256:45485e01ff4d3630ec0d9617310448a8702f70e9c01906b0d0118bdf9d124cf2",
                "sha256:4a78b2b446bd7c934f5dcedc588903fb2f5eec172f3d29e52a9096a43722adfc",
                "sha256:4ab2fe47fae9e0f9dee8c04187ce5d09f48eabe611be8259444906793ab7cbce",
                "sha256:4d0d1650369165a14e14e1e47b372cfcb31d6ab44e6e33cb2d4e57265290044d",
                "sha256:549a3a73da901d5bc3ce8d24e0600d1fa85524c10287f6004fbab87672bf3e1e",
                "sha256:55086ee1064215781fff39a1af09518bc9255b50d6333f2e4c74ca09fac6a8f6",
                "sha256:572c3763a264ba47b3cf708a44ce965d98555f618ca42c926a9c1616d8f34269",
                "sha256:573f6eac48f4769d667c4442081b1794f52919e7edada77495aaed9236d13a96",
                "sha256:5b4c145409bef602a690e7cfad0a15a55c13320ff7a3ad7ca59c13bb8ba4d45d",
                "sha256:6463effa3186ea09411d50efc7d85360b38d5f09b870c48e4600f63af490e56a",
                "sha256:65f6f63034100ead094b8744b3b97965785388f308a64cf8d7c34f2f2e5be0c4",
                "sha256:663946639d296df6a2bb2aa51b60a2454ca1cb29835324c640dafb5ff2131a77",
                "sha256:6897af51655e3691ff853668779c7bad41579facacf5fd7253b0133308cf000d",
                "sha256:68d1f8a9e9e37c1223b656399be5d6b448dea850bed7d0f87a8311f1ff3dabb0",
                "sha256:6ac7ffc7ad6d040517be39eb591cac5ff87416c2537df6ba3cba3bae290c0fed",
                "sha256:6b3251890fff30ee142c44144871185dbe13b11bab478a88887a639655be1068",
                "sha256:6c4caeef8fa63d06bd437cd4bdcf3ffefe6738fb1b25951440d80dc7df8c03ac",
                "sha256:6ef1d82a3af9d3eecdba2321dc1b3c238245d890843e040e41e470ffa64c3e25",
                "sha256:753f10e867343b4511128c6ed8c82f7bec3bd026875576dfd88483c5c73b2fd8",
                "sha256:7cd13a2e3ddeed6913a65e66e94b51d80a041145a026c27e6bb76c31a853c6ab",
                "sha256:7ed9e526742851e8d5cc9e6cf41427dfc6068d4f5a3bb03659444b4cabf6bc26",
                "sha256:7f04c839ed0b6b98b1a7501a002144b76c18fb1c1850c8b98d458ac269e26ed2",
                "sha256:802fe99cca7457642125a8a88a084cef28ff0cf9407060f7b93dca5aa25480db",
                "sha256:80402cd6ee291dcb72644d6eac93785fe2c8b9cb30893c1af5b8fdd753b9d40f",
                "sha256:8465322196c8b4d7ab6d1e049e4c5cb460d0394da4a27d23cc242fbf0034b6b5",
                "sha256:86216b5cee4b06df986d214f664305142d9c76df9b6512be2738aa72a2048f99",
                "sha256:87d1351268731db79e0f8e745d92493ee2841c974128ef629dc518b937d9194c",
                "sha256:8bdb58ff7ba23002a4c5808d608e4e6c687175724f54a5dade5fa8c67b604e4d",
                "sha256:8c622a5fe39a48f78944a87d4fb8a53ee07344641b0562c540d840748571b811",
                "sha256:8d756e44e94489e49571086ef83b2bb8ce311e730092d2c34ca8f7d925cb20aa",
                "sha256:8f4a014bc36d3c57402e2977dada34f9c12300af536839dc38c0beab8878f38a",
                "sha256:9063e24fdb1e498ab71cb7419e24622516c4a04476b17a2dab57e8baa30d6e03",
                "sha256:90d558489962fd4918143277a773316e56c72da56ec7aa3dc3dbbe20fdfed15b",
                "sha256:923c0c831b7cfcb071580d3f46c4baf50f174be571576556269530f4bbd79d04",
                "sha256:95f2a5796329323b8f0512e09dbb7a1860c46a39da62ecb2324f116fa8fdc85c",
                "sha256:96b02a3dc4381e5494fad39be677abcb5e6634bf7b4fa83a6dd3112607547001",
                "sha256:9f96df6923e21816da7e0ad3fd47dd8f94b2a5ce594e00677c0013018b813458",
                "sha256:a10af20b82360ab00827f916a6058451b723b4e65030c5a18577c8b2de5b3389",
                "sha256:a50aebfa173e157099939b17f18600f72f84eed3049e743b68ad15bd69b6bf99",
                "sha256:a981a536974bbc7a512cf44ed14938cf01030a99e9b3a06dd59578882f06f985",
                "sha256:a9a8e9031d613fd2009c182b69c7b2c1ef8239a0efb1df3f7c8da66d5dd3d537",
                "sha256:ae5f4161f18c61806f411a13b0310bea87f987c7d2ecdbdaad0e94eb2e404238",
                "sha256:aed38f6e4fb3f5d6bf81bfa990a07806be9d83cf7bacef998ab1a9bd660a581f",
                "sha256:b01b88d45a6fcb69667cd6d2f7a9aeb4bf53760d7fc536bf679ec94fe9f3ff3d",
                "sha256:b261ccdec7821281dade748d088bb6e9b69e6d15b30652b74cbbac25e280b796",
                "sha256:b2b0a0c0517616b6869869f8c581d4eb2dd83a4d79e0ebcb7d373ef9956aeb0a",
                "sha256:b4a23f61ce87adf89be746c8a8974fe1c823c891d8f86eb218bb957c924bb143",
                "sha256:bd8f7df7d12c2db9fab40bdd87a7c09b1530128315d047a086fa3ae3435cb3a8",
                "sha256:beb58fe5cdb101e3a055192ac291b7a21e3b7ef4f67fa1d74e331a7f2124341c",
                "sha256:c002b4ffc0be611f0d9da932eb0f704fe2602a9a949d1f738e4c34c75b0863d5",
                "sha256:c083af607d2515612056a31f0a8d9e0fcb5876b7bfc0abad3ecd275bc4ebc2d5",
                "sha256:c180f51afb394e165eafe4ac2936a14bee3eb10debc9d9e4db8958fe36afe711",
                "sha256:c235ebd9baae02f1b77bcea61bce332cb4331dc3617d254df3323aa01ab47bd4",
                "sha256:cd70574b12bb8a4d2aaa0094515df2463cb429d8536cfb6c7ce983246983e5a6",
                "sha256:d0eccceffcb53201b5bfebb52600a5fb483a20b61da9dbc885f8b103cbe7598c",
                "sha256:d965bba47ddeec8cd560687584e88cf699fd28f192ceb452d1d7ee807c5597b7",
                "sha256:db364eca23f876da6f9e16c9da0df51aa4f104a972735574842618b8c6d999d4",
                "sha256:ddbb2551d7e0102e7252db79ba445cdab71b26640817ab1e3e3648dad515003b",
                "sha256:deb6be0ac38ece9ba87dea880e438f25ca3eddfac8b002a2ec3d9183a454e8ae",
                "sha256:e06ed3eb3218bc64786f7db41917d4e686cc4856944f53d5bdf83a6884432e12",
                "sha256:e27ad930a842b4c5eb8ac0016b0a54f5aebbe679340c26101df33424142c143c",
                "sha256:e537484df0d8f426ce2afb2d0f8e1c3d0b114b83f8850e5f2fbea0e797bd82ae",
                "sha256:eb00ed941194665c332bf8e078baf037d6c35d7c4f3102ea2d4f16ca94a26dc8",
                "sha256:eb6904c354526e758fda7167b33005998fb68c46fbc10e013ca97f21ca5c8887",
                "sha256:eb8821e09e916165e160797a6c17edda0679379a4be5c716c260e836e122f54b",
                "sha256:efcb3f6676480691518c177e3b465bcddf57cea040302f9f4e6e191af91174d4",
                "sha256:f27273b60488abe721a075bcca6d7f3964f9f6f067c8c4c605743023d7d3944f",
                "sha256:f30c3cb33b24454a82faecaf01b19c18562b1e89558fb6c56de4d9118a032fd5",
                "sha256:fb69256e180cb6c8a894fee62b3afebae785babc1ee98b81cdf68bbca1987f33",
                "sha256:fd1abc0d89e30cc4e02e4064dc67fcc51bd941eb395c502aac3ec19fab46b519",
                "sha256:ff8fa367d09b717b2a17a052544193ad76cd49979c805768879cb63d9ca50561"
            ],
            "markers": "python_full_version >= '3.7.0'",
            "version": "==3.3.2"
        },
        "decorator": {
            "hashes": [
                "sha256:637996211036b6385ef91435e4fae22989472f9d571faba8927ba8253acbc330",
                "sha256:b8c3f85900b9dc423225913c5aace94729fe1fa9763b38939a95226f02d37186"
            ],
            "markers": "python_version >= '3.5'",
            "version": "==5.1.1"
        },
        "exceptiongroup": {
            "hashes": [
                "sha256:4bfd3996ac73b41e9b9628b04e079f193850720ea5945fc96a08633c66912f14",
                "sha256:91f5c769735f051a4290d52edd0858999b57e5876e9f85937691bd4c9fa3ed68"
            ],
            "markers": "python_version < '3.11'",
            "version": "==1.2.0"
        },
        "executing": {
            "hashes": [
                "sha256:35afe2ce3affba8ee97f2d69927fa823b08b472b7b994e36a52a964b93d16147",
                "sha256:eac49ca94516ccc753f9fb5ce82603156e590b27525a8bc32cce8ae302eb61bc"
            ],
            "markers": "python_version >= '3.5'",
            "version": "==2.0.1"
        },
        "google-ai-generativelanguage": {
            "hashes": [
                "sha256:c8199066c08f74c4e91290778329bb9f357ba1ea5d6f82de2bc0d10552bf4f8c",
                "sha256:e4c425376c1ee26c78acbc49a24f735f90ebfa81bf1a06495fae509a2433232c"
            ],
            "markers": "python_version >= '3.7'",
            "version": "==0.4.0"
        },
        "google-api-core": {
            "extras": [
                "grpc"
            ],
            "hashes": [
                "sha256:2aa56d2be495551e66bbff7f729b790546f87d5c90e74781aa77233bcb395a8a",
                "sha256:abc978a72658f14a2df1e5e12532effe40f94f868f6e23d95133bd6abcca35ca"
            ],
            "markers": "python_version >= '3.7'",
            "version": "==2.15.0"
        },
        "google-auth": {
            "hashes": [
                "sha256:11f56129d30902cc9f4b93ed0c84ef7323f7328e6520eab1716740f3171afe35",
                "sha256:5d8bf0a5143baa45368c3d08bf157babda468db1c5dd987cd2c824b788524196"
            ],
            "markers": "python_version >= '3.7'",
            "version": "==2.26.0"
        },
        "google-generativeai": {
            "hashes": [
                "sha256:8761147e6e167141932dc14a7b7af08f2310dd56668a78d206c19bb8bd85bcd7"
            ],
            "index": "pypi",
            "markers": "python_version >= '3.9'",
            "version": "==0.3.2"
        },
        "googleapis-common-protos": {
            "hashes": [
                "sha256:4750113612205514f9f6aa4cb00d523a94f3e8c06c5ad2fee466387dc4875f07",
                "sha256:83f0ece9f94e5672cced82f592d2a5edf527a96ed1794f0bab36d5735c996277"
            ],
            "markers": "python_version >= '3.7'",
            "version": "==1.62.0"
        },
        "grpcio": {
            "hashes": [
                "sha256:073f959c6f570797272f4ee9464a9997eaf1e98c27cb680225b82b53390d61e6",
                "sha256:0fd3b3968ffe7643144580f260f04d39d869fcc2cddb745deef078b09fd2b328",
                "sha256:1434ca77d6fed4ea312901122dc8da6c4389738bf5788f43efb19a838ac03ead",
                "sha256:1c30bb23a41df95109db130a6cc1b974844300ae2e5d68dd4947aacba5985aa5",
                "sha256:20e7a4f7ded59097c84059d28230907cd97130fa74f4a8bfd1d8e5ba18c81491",
                "sha256:2199165a1affb666aa24adf0c97436686d0a61bc5fc113c037701fb7c7fceb96",
                "sha256:297eef542156d6b15174a1231c2493ea9ea54af8d016b8ca7d5d9cc65cfcc444",
                "sha256:2aef56e85901c2397bd557c5ba514f84de1f0ae5dd132f5d5fed042858115951",
                "sha256:30943b9530fe3620e3b195c03130396cd0ee3a0d10a66c1bee715d1819001eaf",
                "sha256:3b36a2c6d4920ba88fa98075fdd58ff94ebeb8acc1215ae07d01a418af4c0253",
                "sha256:428d699c8553c27e98f4d29fdc0f0edc50e9a8a7590bfd294d2edb0da7be3629",
                "sha256:43e636dc2ce9ece583b3e2ca41df5c983f4302eabc6d5f9cd04f0562ee8ec1ae",
                "sha256:452ca5b4afed30e7274445dd9b441a35ece656ec1600b77fff8c216fdf07df43",
                "sha256:467a7d31554892eed2aa6c2d47ded1079fc40ea0b9601d9f79204afa8902274b",
                "sha256:4b44d7e39964e808b071714666a812049765b26b3ea48c4434a3b317bac82f14",
                "sha256:4c86343cf9ff7b2514dd229bdd88ebba760bd8973dac192ae687ff75e39ebfab",
                "sha256:5208a57eae445ae84a219dfd8b56e04313445d146873117b5fa75f3245bc1390",
                "sha256:5ff21e000ff2f658430bde5288cb1ac440ff15c0d7d18b5fb222f941b46cb0d2",
                "sha256:675997222f2e2f22928fbba640824aebd43791116034f62006e19730715166c0",
                "sha256:676e4a44e740deaba0f4d95ba1d8c5c89a2fcc43d02c39f69450b1fa19d39590",
                "sha256:6e306b97966369b889985a562ede9d99180def39ad42c8014628dd3cc343f508",
                "sha256:6fd9584bf1bccdfff1512719316efa77be235469e1e3295dce64538c4773840b",
                "sha256:705a68a973c4c76db5d369ed573fec3367d7d196673fa86614b33d8c8e9ebb08",
                "sha256:74d7d9fa97809c5b892449b28a65ec2bfa458a4735ddad46074f9f7d9550ad13",
                "sha256:77c8a317f0fd5a0a2be8ed5cbe5341537d5c00bb79b3bb27ba7c5378ba77dbca",
                "sha256:79a050889eb8d57a93ed21d9585bb63fca881666fc709f5d9f7f9372f5e7fd03",
                "sha256:7db16dd4ea1b05ada504f08d0dca1cd9b926bed3770f50e715d087c6f00ad748",
                "sha256:83f2292ae292ed5a47cdcb9821039ca8e88902923198f2193f13959360c01860",
                "sha256:87c9224acba0ad8bacddf427a1c2772e17ce50b3042a789547af27099c5f751d",
                "sha256:8a97a681e82bc11a42d4372fe57898d270a2707f36c45c6676e49ce0d5c41353",
                "sha256:9073513ec380434eb8d21970e1ab3161041de121f4018bbed3146839451a6d8e",
                "sha256:90bdd76b3f04bdb21de5398b8a7c629676c81dfac290f5f19883857e9371d28c",
                "sha256:91229d7203f1ef0ab420c9b53fe2ca5c1fbeb34f69b3bc1b5089466237a4a134",
                "sha256:92f88ca1b956eb8427a11bb8b4a0c0b2b03377235fc5102cb05e533b8693a415",
                "sha256:95ae3e8e2c1b9bf671817f86f155c5da7d49a2289c5cf27a319458c3e025c320",
                "sha256:9e30be89a75ee66aec7f9e60086fadb37ff8c0ba49a022887c28c134341f7179",
                "sha256:a48edde788b99214613e440fce495bbe2b1e142a7f214cce9e0832146c41e324",
                "sha256:a7152fa6e597c20cb97923407cf0934e14224af42c2b8d915f48bc3ad2d9ac18",
                "sha256:a9c7b71211f066908e518a2ef7a5e211670761651039f0d6a80d8d40054047df",
                "sha256:b0571a5aef36ba9177e262dc88a9240c866d903a62799e44fd4aae3f9a2ec17e",
                "sha256:b0fb2d4801546598ac5cd18e3ec79c1a9af8b8f2a86283c55a5337c5aeca4b1b",
                "sha256:b10241250cb77657ab315270b064a6c7f1add58af94befa20687e7c8d8603ae6",
                "sha256:b87efe4a380887425bb15f220079aa8336276398dc33fce38c64d278164f963d",
                "sha256:b98f43fcdb16172dec5f4b49f2fece4b16a99fd284d81c6bbac1b3b69fcbe0ff",
                "sha256:c193109ca4070cdcaa6eff00fdb5a56233dc7610216d58fb81638f89f02e4968",
                "sha256:c826f93050c73e7769806f92e601e0efdb83ec8d7c76ddf45d514fee54e8e619",
                "sha256:d020cfa595d1f8f5c6b343530cd3ca16ae5aefdd1e832b777f9f0eb105f5b139",
                "sha256:d6a478581b1a1a8fdf3318ecb5f4d0cda41cacdffe2b527c23707c9c1b8fdb55",
                "sha256:de2ad69c9a094bf37c1102b5744c9aec6cf74d2b635558b779085d0263166454",
                "sha256:e278eafb406f7e1b1b637c2cf51d3ad45883bb5bd1ca56bc05e4fc135dfdaa65",
                "sha256:e381fe0c2aa6c03b056ad8f52f8efca7be29fb4d9ae2f8873520843b6039612a",
                "sha256:e61e76020e0c332a98290323ecfec721c9544f5b739fab925b6e8cbe1944cf19",
                "sha256:f897c3b127532e6befdcf961c415c97f320d45614daf84deba0a54e64ea2457b",
                "sha256:fb464479934778d7cc5baf463d959d361954d6533ad34c3a4f1d267e86ee25fd"
            ],
            "version": "==1.60.0"
        },
        "grpcio-status": {
            "hashes": [
                "sha256:7d383fa36e59c1e61d380d91350badd4d12ac56e4de2c2b831b050362c3c572e",
                "sha256:f10e0b6db3adc0fdc244b71962814ee982996ef06186446b5695b9fa635aa1ab"
            ],
            "version": "==1.60.0"
        },
        "idna": {
            "hashes": [
                "sha256:9ecdbbd083b06798ae1e86adcbfe8ab1479cf864e4ee30fe4e46a003d12491ca",
                "sha256:c05567e9c24a6b9faaa835c4821bad0590fbb9d5779e7caa6e1cc4978e7eb24f"
            ],
            "markers": "python_version >= '3.5'",
            "version": "==3.6"
        },
        "ipython": {
            "hashes": [
                "sha256:ca6f079bb33457c66e233e4580ebfc4128855b4cf6370dddd73842a9563e8a27",
                "sha256:e8267419d72d81955ec1177f8a29aaa90ac80ad647499201119e2f05e99aa397"
            ],
            "index": "pypi",
            "markers": "python_version >= '3.9'",
            "version": "==8.18.1"
        },
        "jedi": {
            "hashes": [
                "sha256:cf0496f3651bc65d7174ac1b7d043eff454892c708a87d1b683e57b569927ffd",
                "sha256:e983c654fe5c02867aef4cdfce5a2fbb4a50adc0af145f70504238f18ef5e7e0"
            ],
            "markers": "python_version >= '3.6'",
            "version": "==0.19.1"
        },
        "lxml": {
            "hashes": [
                "sha256:016de3b29a262655fc3d2075dc1b2611f84f4c3d97a71d579c883d45e201eee4",
                "sha256:0326e9b8176ea77269fb39e7af4010906e73e9496a9f8eaf06d253b1b1231ceb",
                "sha256:03290e2f714f2e7431c8430c08b48167f657da7bc689c6248e828ff3c66d5b1b",
                "sha256:049fef98d02513c34f5babd07569fc1cf1ed14c0f2fbff18fe72597f977ef3c2",
                "sha256:07a900735bad9af7be3085480bf384f68ed5580ba465b39a098e6a882c060d6b",
                "sha256:0d277d4717756fe8816f0beeff229cb72f9dd02a43b70e1d3f07c8efadfb9fe1",
                "sha256:173bcead3af5d87c7bca9a030675073ddaad8e0a9f0b04be07cd9390453e7226",
                "sha256:1ef0793e1e2dd221fce7c142177008725680f7b9e4a184ab108d90d5d3ab69b7",
                "sha256:21af2c3862db6f4f486cddf73ec1157b40d5828876c47cd880edcbad8240ea1b",
                "sha256:2219cbf790e701acf9a21a31ead75f983e73daf0eceb9da6990212e4d20ebefe",
                "sha256:2992591e2294bb07faf7f5f6d5cb60710c046404f4bfce09fb488b85d2a8f58f",
                "sha256:3663542aee845129a981889c19b366beab0b1dadcf5ca164696aabfe1aa51667",
                "sha256:3e6cbb68bf70081f036bfc018649cf4b46c4e7eaf7860a277cae92dee2a57f69",
                "sha256:3f908afd0477cace17f941d1b9cfa10b769fe1464770abe4cfb3d9f35378d0f8",
                "sha256:3ffa066db40b0347e48334bd4465de768e295a3525b9a59831228b5f4f93162d",
                "sha256:405e3760f83a8ba3bdb6e622ec79595cdc20db916ce37377bbcb95b5711fa4ca",
                "sha256:44fa9afd632210f1eeda51cf284ed8dbab0c7ec8b008dd39ba02818e0e114e69",
                "sha256:4786b0af7511ea614fd86407a52a7bc161aa5772d311d97df2591ed2351de768",
                "sha256:4a45a278518e4308865c1e9dbb2c42ce84fb154efb03adeb16fdae3c1687c7c9",
                "sha256:4b9d5b01900a760eb3acf6cef50aead4ef2fa79e7ddb927084244e41dfe37b65",
                "sha256:4e69c36c8618707a90ed3fb6f48a6cc9254ffcdbf7b259e439a5ae5fbf9c5206",
                "sha256:52a9ab31853d3808e7cf0183b3a5f7e8ffd622ea4aee1deb5252dbeaefd5b40d",
                "sha256:52c0acc2f29b0a204efc11a5ed911a74f50a25eb7d7d5069c2b1fd3b3346ce11",
                "sha256:5382612ba2424cea5d2c89e2c29077023d8de88f8d60d5ceff5f76334516df9e",
                "sha256:581a78f299a9f5448b2c3aea904bfcd17c59bf83016d221d7f93f83633bb2ab2",
                "sha256:583c0e15ae06adc81035346ae2abb2e748f0b5197e7740d8af31222db41bbf7b",
                "sha256:59cea9ba1c675fbd6867ca1078fc717a113e7f5b7644943b74137b7cc55abebf",
                "sha256:5b39f63edbe7e018c2ac1cf0259ee0dd2355274e8a3003d404699b040782e55e",
                "sha256:5eff173f0ff408bfa578cbdafd35a7e0ca94d1a9ffe09a8a48e0572d0904d486",
                "sha256:5fb988e15378d6e905ca8f60813950a0c56da9469d0e8e5d8fe785b282684ec5",
                "sha256:6507c58431dbd95b50654b3313c5ad54f90e54e5f2cdacf733de61eae478eec5",
                "sha256:6a2de85deabf939b0af89e2e1ea46bfb1239545e2da6f8ac96522755a388025f",
                "sha256:6a5501438dd521bb7e0dde5008c40c7bfcfaafaf86eccb3f9bd27509abb793da",
                "sha256:6bba06d8982be0f0f6432d289a8d104417a0ab9ed04114446c4ceb6d4a40c65d",
                "sha256:70ab4e02f7aa5fb4131c8b222a111ce7676f3767e36084fba3a4e7338dc82dcd",
                "sha256:7188495c1bf71bfda87d78ed50601e72d252119ce11710d6e71ff36e35fea5a0",
                "sha256:71a7cee869578bc17b18050532bb2f0bc682a7b97dda77041741a1bd2febe6c7",
                "sha256:73bfab795d354aaf2f4eb7a5b0db513031734fd371047342d5803834ce19ec18",
                "sha256:766868f729f3ab84125350f1a0ea2594d8b1628a608a574542a5aff7355b9941",
                "sha256:77b73952534967a4497d9e4f26fbeebfba19950cbc66b7cc3a706214429d8106",
                "sha256:78d6d8e5b54ed89dc0f0901eaaa579c384ad8d59fa43cc7fb06e9bb89115f8f4",
                "sha256:793be9b4945c2dfd69828fb5948d7d9569b78e0599e4a2e88d92affeb0ff3aa3",
                "sha256:7ba26a7dc929a1b3487d51bbcb0099afed2fc06e891b82845c8f37a2d7d7fbbd",
                "sha256:7df433d08d4587dc3932f7fcfc3194519a6824824104854e76441fd3bc000d29",
                "sha256:80209b31dd3908bc5b014f540fd192c97ea52ab179713a730456c5baf7ce80c1",
                "sha256:8134d5441d1ed6a682e3de3d7a98717a328dce619ee9c4c8b3b91f0cb0eb3e28",
                "sha256:81509dffd8aba3bdb43e90cbd218c9c068a1f4047d97bc9546b3ac9e3a4ae81d",
                "sha256:88f559f8beb6b90e41a7faae4aca4c8173a4819874a9bf8e74c8d7c1d51f3162",
                "sha256:894c5f71186b410679aaab5774543fcb9cbabe8893f0b31d11cf28a0740e80be",
                "sha256:8cc0a951e5616ac626f7036309c41fb9774adcd4aa7db0886463da1ce5b65edb",
                "sha256:8ce8b468ab50f9e944719d1134709ec11fe0d2840891a6cae369e22141b1094c",
                "sha256:904d36165848b59c4e04ae5b969072e602bd987485076fca8ec42c6cd7a7aedc",
                "sha256:96095bfc0c02072fc89afa67626013a253596ea5118b8a7f4daaae049dafa096",
                "sha256:980ba47c8db4b9d870014c7040edb230825b79017a6a27aa54cdb6fcc02d8cc0",
                "sha256:992029258ed719f130d5a9c443d142c32843046f1263f2c492862b2a853be570",
                "sha256:99cad5c912f359e59e921689c04e54662cdd80835d80eeaa931e22612f515df7",
                "sha256:9b59c429e1a2246da86ae237ffc3565efcdc71c281cd38ca8b44d5fb6a3b993a",
                "sha256:9ca498f8554a09fbc3a2f8fc4b23261e07bc27bef99b3df98e2570688033f6fc",
                "sha256:9cd3d6c2c67d4fdcd795e4945e2ba5434909c96640b4cc09453bd0dc7e8e1bac",
                "sha256:a85136d0ee18a41c91cc3e2844c683be0e72e6dda4cb58da9e15fcaef3726af7",
                "sha256:ac21aace6712472e77ea9dfc38329f53830c4259ece54c786107105ebb069053",
                "sha256:aebd8fd378e074b22e79cad329dcccd243c40ff1cafaa512d19276c5bb9554e1",
                "sha256:affdd833f82334fdb10fc9a1c7b35cdb5a86d0b672b4e14dd542e1fe7bcea894",
                "sha256:b6d4e148edee59c2ad38af15810dbcb8b5d7b13e5de3509d8cf3edfe74c0adca",
                "sha256:bb58e8f4b2cfe012cd312239b8d5139995fe8f5945c7c26d5fbbbb1ddb9acd47",
                "sha256:bfdc4668ac56687a89ca3eca44231144a2e9d02ba3b877558db74ba20e2bd9fa",
                "sha256:c1249aa4eaced30b59ecf8b8cae0b1ccede04583c74ca7d10b6f8bbead908b2c",
                "sha256:c7cfb6af73602c8d288581df8a225989d7e9d5aab0a174be0e19fcfa800b6797",
                "sha256:c7fe19abb3d3c55a9e65d289b12ad73b3a31a3f0bda3c539a890329ae9973bd6",
                "sha256:c8954da15403db1acfc0544b3c3f963a6ef4e428283ab6555e3e298bbbff1cf6",
                "sha256:c90c593aa8dd57d5dab0ef6d7d64af894008971d98e6a41b320fdd75258fbc6e",
                "sha256:cb564bbe55ff0897d9cf1225041a44576d7ae87f06fd60163544c91de2623d3f",
                "sha256:cfa8a4cdc3765574b7fd0c7cfa5fbd1e2108014c9dfd299c679e5152bea9a55e",
                "sha256:d1bb64646480c36a4aa1b6a44a5b6e33d0fcbeab9f53f1b39072cd3bb2c6243a",
                "sha256:dac2733fe4e159b0aae0439db6813b7b1d23ff96d0b34c0107b87faf79208c4e",
                "sha256:db40e85cffd22f7d65dcce30e85af565a66401a6ed22fc0c56ed342cfa4ffc43",
                "sha256:dd39ef87fd1f7bb5c4aa53454936e6135cbfe03fe3744e8218be193f9e4fef16",
                "sha256:de1a8b54170024cf1c0c2718c82412bca42cd82e390556e3d8031af9541b416f",
                "sha256:e675a4b95208e74c34ac0751cc4bab9170e7728b61601fb0f4746892c2bb7e0b",
                "sha256:e6bb39d91bf932e7520cb5718ae3c2f498052aca53294d5d59fdd9068fe1a7f2",
                "sha256:e8c63f5c7d87e7044880b01851ac4e863c3349e6f6b6ab456fe218d9346e816d",
                "sha256:ea56825c1e23c9c8ea385a191dac75f9160477057285b88c88736d9305e6118f",
                "sha256:ee60f33456ff34b2dd1d048a740a2572798356208e4c494301c931de3a0ab3a2",
                "sha256:f15844a1b93dcaa09c2b22e22a73384f3ae4502347c3881cfdd674e14ac04e21",
                "sha256:f298ac9149037d6a3d5c74991bded39ac46292520b9c7c182cb102486cc87677",
                "sha256:f30e697b6215e759d0824768b2c5b0618d2dc19abe6c67eeed2b0460f52470d1",
                "sha256:f92d73faa0b1a76d1932429d684b7ce95829e93c3eef3715ec9b98ab192c9d31",
                "sha256:fef10f27d6318d2d7c88680e113511ddecf09ee4f9559b3623b73ee89fa8f6cc"
            ],
            "index": "pypi",
            "markers": "python_version >= '2.7' and python_version not in '3.0, 3.1, 3.2, 3.3, 3.4'",
            "version": "==5.0.0"
        },
        "markdown-it-py": {
            "hashes": [
                "sha256:355216845c60bd96232cd8d8c40e8f9765cc86f46880e43a8fd22dc1a1a8cab1",
                "sha256:e3f60a94fa066dc52ec76661e37c851cb232d92f9886b15cb560aaada2df8feb"
            ],
            "markers": "python_version >= '3.8'",
            "version": "==3.0.0"
        },
        "matplotlib-inline": {
            "hashes": [
                "sha256:f1f41aab5328aa5aaea9b16d083b128102f8712542f819fe7e6a420ff581b311",
                "sha256:f887e5f10ba98e8d2b150ddcf4702c1e5f8b3a20005eb0f74bfdbd360ee6f304"
            ],
            "markers": "python_version >= '3.5'",
            "version": "==0.1.6"
        },
        "mdurl": {
            "hashes": [
                "sha256:84008a41e51615a49fc9966191ff91509e3c40b939176e643fd50a5c2196b8f8",
                "sha256:bb413d29f5eea38f31dd4754dd7377d4465116fb207585f97bf925588687c1ba"
            ],
            "markers": "python_version >= '3.7'",
            "version": "==0.1.2"
        },
        "parso": {
            "hashes": [
                "sha256:8c07be290bb59f03588915921e29e8a50002acaf2cdc5fa0e0114f91709fafa0",
                "sha256:c001d4636cd3aecdaf33cbb40aebb59b094be2a74c556778ef5576c175e19e75"
            ],
            "markers": "python_version >= '3.6'",
            "version": "==0.8.3"
        },
        "pexpect": {
            "hashes": [
                "sha256:7236d1e080e4936be2dc3e326cec0af72acf9212a7e1d060210e70a47e253523",
                "sha256:ee7d41123f3c9911050ea2c2dac107568dc43b2d3b0c7557a33212c398ead30f"
            ],
            "markers": "sys_platform != 'win32'",
            "version": "==4.9.0"
        },
        "plumbum": {
            "hashes": [
                "sha256:3ad9e5f56c6ec98f6f7988f7ea8b52159662ea9e915868d369dbccbfca0e367e",
                "sha256:9e6dc032f4af952665f32f3206567bc23b7858b1413611afe603a3f8ad9bfd75"
            ],
            "index": "pypi",
            "markers": "python_version >= '3.6'",
            "version": "==1.8.2"
        },
        "prompt-toolkit": {
            "hashes": [
                "sha256:3527b7af26106cbc65a040bcc84839a3566ec1b051bb0bfe953631e704b0ff7d",
                "sha256:a11a29cb3bf0a28a387fe5122cdb649816a957cd9261dcedf8c9f1fef33eacf6"
            ],
            "index": "pypi",
            "markers": "python_full_version >= '3.7.0'",
            "version": "==3.0.43"
        },
        "proto-plus": {
            "hashes": [
                "sha256:89075171ef11988b3fa157f5dbd8b9cf09d65fffee97e29ce403cd8defba19d2",
                "sha256:a829c79e619e1cf632de091013a4173deed13a55f326ef84f05af6f50ff4c82c"
            ],
            "markers": "python_version >= '3.6'",
            "version": "==1.23.0"
        },
        "protobuf": {
            "hashes": [
                "sha256:0bf384e75b92c42830c0a679b0cd4d6e2b36ae0cf3dbb1e1dfdda48a244f4bcd",
                "sha256:0f881b589ff449bf0b931a711926e9ddaad3b35089cc039ce1af50b21a4ae8cb",
                "sha256:1484f9e692091450e7edf418c939e15bfc8fc68856e36ce399aed6889dae8bb0",
                "sha256:193f50a6ab78a970c9b4f148e7c750cfde64f59815e86f686c22e26b4fe01ce7",
                "sha256:3497c1af9f2526962f09329fd61a36566305e6c72da2590ae0d7d1322818843b",
                "sha256:57d65074b4f5baa4ab5da1605c02be90ac20c8b40fb137d6a8df9f416b0d0ce2",
                "sha256:8bdbeaddaac52d15c6dce38c71b03038ef7772b977847eb6d374fc86636fa510",
                "sha256:a19731d5e83ae4737bb2a089605e636077ac001d18781b3cf489b9546c7c80d6",
                "sha256:abc0525ae2689a8000837729eef7883b9391cd6aa7950249dcf5a4ede230d5dd",
                "sha256:becc576b7e6b553d22cbdf418686ee4daa443d7217999125c045ad56322dda10",
                "sha256:ca37bf6a6d0046272c152eea90d2e4ef34593aaa32e8873fc14c16440f22d4b7"
            ],
            "markers": "python_version >= '3.8'",
            "version": "==4.25.1"
        },
        "ptyprocess": {
            "hashes": [
                "sha256:4b41f3967fce3af57cc7e94b888626c18bf37a083e3651ca8feeb66d492fef35",
                "sha256:5c5d0a3b48ceee0b48485e0c26037c0acd7d29765ca3fbb5cb3831d347423220"
            ],
            "version": "==0.7.0"
        },
        "pure-eval": {
            "hashes": [
                "sha256:01eaab343580944bc56080ebe0a674b39ec44a945e6d09ba7db3cb8cec289350",
                "sha256:2b45320af6dfaa1750f543d714b6d1c520a1688dec6fd24d339063ce0aaa9ac3"
            ],
            "version": "==0.2.2"
        },
        "pyasn1": {
            "hashes": [
                "sha256:4439847c58d40b1d0a573d07e3856e95333f1976294494c325775aeca506eb58",
                "sha256:6d391a96e59b23130a5cfa74d6fd7f388dbbe26cc8f1edf39fdddf08d9d6676c"
            ],
            "markers": "python_version >= '2.7' and python_version not in '3.0, 3.1, 3.2, 3.3, 3.4, 3.5'",
            "version": "==0.5.1"
        },
        "pyasn1-modules": {
            "hashes": [
                "sha256:5bd01446b736eb9d31512a30d46c1ac3395d676c6f3cafa4c03eb54b9925631c",
                "sha256:d3ccd6ed470d9ffbc716be08bd90efbd44d0734bc9303818f7336070984a162d"
            ],
            "markers": "python_version >= '2.7' and python_version not in '3.0, 3.1, 3.2, 3.3, 3.4, 3.5'",
            "version": "==0.3.0"
        },
        "pygments": {
            "hashes": [
                "sha256:b27c2826c47d0f3219f29554824c30c5e8945175d888647acd804ddd04af846c",
                "sha256:da46cec9fd2de5be3a8a784f434e4c4ab670b4ff54d605c4c2717e9d49c4c367"
            ],
            "markers": "python_version >= '3.7'",
            "version": "==2.17.2"
        },
        "pyperclip": {
            "hashes": [
                "sha256:105254a8b04934f0bc84e9c24eb360a591aaf6535c9def5f29d92af107a9bf57"
            ],
            "index": "pypi",
            "version": "==1.8.2"
        },
        "requests": {
            "hashes": [
                "sha256:58cd2187c01e70e6e26505bca751777aa9f2ee0b7f4300988b709f44e013003f",
                "sha256:942c5a758f98d790eaed1a29cb6eefc7ffb0d1cf7af05c3d2791656dbd6ad1e1"
            ],
            "index": "pypi",
            "markers": "python_version >= '3.7'",
            "version": "==2.31.0"
        },
        "rich": {
            "hashes": [
                "sha256:5cb5123b5cf9ee70584244246816e9114227e0b98ad9176eede6ad54bf5403fa",
                "sha256:6da14c108c4866ee9520bbffa71f6fe3962e193b7da68720583850cd4548e235"
            ],
            "index": "pypi",
            "markers": "python_full_version >= '3.7.0'",
            "version": "==13.7.0"
        },
        "rsa": {
            "hashes": [
                "sha256:90260d9058e514786967344d0ef75fa8727eed8a7d2e43ce9f4bcf1b536174f7",
                "sha256:e38464a49c6c85d7f1351b0126661487a7e0a14a50f1675ec50eb34d4f20ef21"
            ],
            "markers": "python_version >= '3.6' and python_version < '4'",
            "version": "==4.9"
        },
        "six": {
            "hashes": [
                "sha256:1e61c37477a1626458e36f7b1d82aa5c9b094fa4802892072e49de9c60c4c926",
                "sha256:8abb2f1d86890a2dfb989f9a77cfcfd3e47c2a354b01111771326f8aa26e0254"
            ],
            "markers": "python_version >= '2.7' and python_version not in '3.0, 3.1, 3.2, 3.3'",
            "version": "==1.16.0"
        },
        "stack-data": {
            "hashes": [
                "sha256:836a778de4fec4dcd1dcd89ed8abff8a221f58308462e1c4aa2a3cf30148f0b9",
                "sha256:d5558e0c25a4cb0853cddad3d77da9891a08cb85dd9f9f91b9f8cd66e511e695"
            ],
            "version": "==0.6.3"
        },
        "tqdm": {
            "hashes": [
                "sha256:d302b3c5b53d47bce91fea46679d9c3c6508cf6332229aa1e7d8653723793386",
                "sha256:d88e651f9db8d8551a62556d3cff9e3034274ca5d66e93197cf2490e2dcb69c7"
            ],
            "markers": "python_version >= '3.7'",
            "version": "==4.66.1"
        },
        "traitlets": {
            "hashes": [
                "sha256:2e5a030e6eff91737c643231bfcf04a65b0132078dad75e4936700b213652e74",
                "sha256:8585105b371a04b8316a43d5ce29c098575c2e477850b62b848b964f1444527e"
            ],
            "markers": "python_version >= '3.8'",
            "version": "==5.14.1"
        },
        "typing-extensions": {
            "hashes": [
                "sha256:23478f88c37f27d76ac8aee6c905017a143b0b1b886c3c9f66bc2fd94f9f5783",
                "sha256:af72aea155e91adfc61c3ae9e0e342dbc0cba726d6cba4b6c72c1f34e47291cd"
            ],
            "markers": "python_version >= '3.8'",
            "version": "==4.9.0"
        },
        "urllib3": {
            "hashes": [
                "sha256:55901e917a5896a349ff771be919f8bd99aff50b79fe58fec595eb37bbc56bb3",
                "sha256:df7aa8afb0148fa78488e7899b2c59b5f4ffcfa82e6c54ccb9dd37c1d7b52d54"
            ],
            "markers": "python_version >= '3.8'",
            "version": "==2.1.0"
        },
        "wcwidth": {
            "hashes": [
                "sha256:f01c104efdf57971bcb756f054dd58ddec5204dd15fa31d6503ea57947d97c02",
                "sha256:f26ec43d96c8cbfed76a5075dac87680124fa84e0855195a6184da9c187f133c"
            ],
            "version": "==0.2.12"
        }
    },
    "develop": {}
}
